// !$*UTF8*$!
{
	archiveVersion = 1;
	classes = {
	};
	objectVersion = 46;
	objects = {

/* Begin PBXBuildFile section */
		FC3EAA421DC3204600AC5AFC /* AppDelegate.swift in Sources */ = {isa = PBXBuildFile; fileRef = FC3EAA411DC3204600AC5AFC /* AppDelegate.swift */; };
		FC3EAA441DC3204600AC5AFC /* ViewController.swift in Sources */ = {isa = PBXBuildFile; fileRef = FC3EAA431DC3204600AC5AFC /* ViewController.swift */; };
		FC3EAA471DC3204600AC5AFC /* Main.storyboard in Resources */ = {isa = PBXBuildFile; fileRef = FC3EAA451DC3204600AC5AFC /* Main.storyboard */; };
		FC3EAA491DC3204700AC5AFC /* Assets.xcassets in Resources */ = {isa = PBXBuildFile; fileRef = FC3EAA481DC3204700AC5AFC /* Assets.xcassets */; };
		FC3EAA4C1DC3204700AC5AFC /* LaunchScreen.storyboard in Resources */ = {isa = PBXBuildFile; fileRef = FC3EAA4A1DC3204700AC5AFC /* LaunchScreen.storyboard */; };
/* End PBXBuildFile section */

/* Begin PBXFileReference section */
		FC3EAA3E1DC3204600AC5AFC /* Tweeter.app */ = {isa = PBXFileReference; explicitFileType = wrapper.application; includeInIndex = 0; path = Tweeter.app; sourceTree = BUILT_PRODUCTS_DIR; };
		FC3EAA411DC3204600AC5AFC /* AppDelegate.swift */ = {isa = PBXFileReference; lastKnownFileType = sourcecode.swift; path = AppDelegate.swift; sourceTree = "<group>"; };
		FC3EAA431DC3204600AC5AFC /* ViewController.swift */ = {isa = PBXFileReference; lastKnownFileType = sourcecode.swift; path = ViewController.swift; sourceTree = "<group>"; };
		FC3EAA461DC3204600AC5AFC /* Base */ = {isa = PBXFileReference; lastKnownFileType = file.storyboard; name = Base; path = Base.lproj/Main.storyboard; sourceTree = "<group>"; };
		FC3EAA481DC3204700AC5AFC /* Assets.xcassets */ = {isa = PBXFileReference; lastKnownFileType = folder.assetcatalog; path = Assets.xcassets; sourceTree = "<group>"; };
		FC3EAA4B1DC3204700AC5AFC /* Base */ = {isa = PBXFileReference; lastKnownFileType = file.storyboard; name = Base; path = Base.lproj/LaunchScreen.storyboard; sourceTree = "<group>"; };
		FC3EAA4D1DC3204700AC5AFC /* Info.plist */ = {isa = PBXFileReference; lastKnownFileType = text.plist.xml; path = Info.plist; sourceTree = "<group>"; };
/* End PBXFileReference section */

/* Begin PBXFrameworksBuildPhase section */
		FC3EAA3B1DC3204600AC5AFC /* Frameworks */ = {
			isa = PBXFrameworksBuildPhase;
			buildActionMask = 2147483647;
			files = (
			);
			runOnlyForDeploymentPostprocessing = 0;
		};
/* End PBXFrameworksBuildPhase section */

/* Begin PBXGroup section */
		FC3EAA351DC3204600AC5AFC = {
			isa = PBXGroup;
			children = (
				FC3EAA401DC3204600AC5AFC /* Tweeter */,
				FC3EAA3F1DC3204600AC5AFC /* Products */,
			);
			sourceTree = "<group>";
		};
		FC3EAA3F1DC3204600AC5AFC /* Products */ = {
			isa = PBXGroup;
			children = (
				FC3EAA3E1DC3204600AC5AFC /* Tweeter.app */,
			);
			name = Products;
			sourceTree = "<group>";
		};
		FC3EAA401DC3204600AC5AFC /* Tweeter */ = {
			isa = PBXGroup;
			children = (
				FC3EAA411DC3204600AC5AFC /* AppDelegate.swift */,
				FC3EAA431DC3204600AC5AFC /* ViewController.swift */,
				FC3EAA451DC3204600AC5AFC /* Main.storyboard */,
				FC3EAA481DC3204700AC5AFC /* Assets.xcassets */,
				FC3EAA4A1DC3204700AC5AFC /* LaunchScreen.storyboard */,
				FC3EAA4D1DC3204700AC5AFC /* Info.plist */,
			);
			path = Tweeter;
			sourceTree = "<group>";
		};
/* End PBXGroup section */

/* Begin PBXNativeTarget section */
		FC3EAA3D1DC3204600AC5AFC /* Tweeter */ = {
			isa = PBXNativeTarget;
			buildConfigurationList = FC3EAA501DC3204700AC5AFC /* Build configuration list for PBXNativeTarget "Tweeter" */;
			buildPhases = (
				FC3EAA3A1DC3204600AC5AFC /* Sources */,
				FC3EAA3B1DC3204600AC5AFC /* Frameworks */,
				FC3EAA3C1DC3204600AC5AFC /* Resources */,
			);
			buildRules = (
			);
			dependencies = (
			);
			name = Tweeter;
			productName = Tweeter;
			productReference = FC3EAA3E1DC3204600AC5AFC /* Tweeter.app */;
			productType = "com.apple.product-type.application";
		};
/* End PBXNativeTarget section */

/* Begin PBXProject section */
		FC3EAA361DC3204600AC5AFC /* Project object */ = {
			isa = PBXProject;
			attributes = {
				LastSwiftUpdateCheck = 0800;
				LastUpgradeCheck = 0800;
				ORGANIZATIONNAME = "Dylan Miller";
				TargetAttributes = {
					FC3EAA3D1DC3204600AC5AFC = {
						CreatedOnToolsVersion = 8.0;
						DevelopmentTeam = SCUP57ZH8V;
						ProvisioningStyle = Automatic;
					};
				};
			};
			buildConfigurationList = FC3EAA391DC3204600AC5AFC /* Build configuration list for PBXProject "Tweeter" */;
			compatibilityVersion = "Xcode 3.2";
			developmentRegion = English;
			hasScannedForEncodings = 0;
			knownRegions = (
				en,
				Base,
			);
			mainGroup = FC3EAA351DC3204600AC5AFC;
			productRefGroup = FC3EAA3F1DC3204600AC5AFC /* Products */;
			projectDirPath = "";
			projectRoot = "";
			targets = (
				FC3EAA3D1DC3204600AC5AFC /* Tweeter */,
			);
		};
/* End PBXProject section */

/* Begin PBXResourcesBuildPhase section */
		FC3EAA3C1DC3204600AC5AFC /* Resources */ = {
			isa = PBXResourcesBuildPhase;
			buildActionMask = 2147483647;
			files = (
				FC3EAA4C1DC3204700AC5AFC /* LaunchScreen.storyboard in Resources */,
				FC3EAA491DC3204700AC5AFC /* Assets.xcassets in Resources */,
				FC3EAA471DC3204600AC5AFC /* Main.storyboard in Resources */,
			);
			runOnlyForDeploymentPostprocessing = 0;
		};
/* End PBXResourcesBuildPhase section */

/* Begin PBXSourcesBuildPhase section */
		FC3EAA3A1DC3204600AC5AFC /* Sources */ = {
			isa = PBXSourcesBuildPhase;
			buildActionMask = 2147483647;
			files = (
				FC3EAA441DC3204600AC5AFC /* ViewController.swift in Sources */,
				FC3EAA421DC3204600AC5AFC /* AppDelegate.swift in Sources */,
			);
			runOnlyForDeploymentPostprocessing = 0;
		};
/* End PBXSourcesBuildPhase section */

/* Begin PBXVariantGroup section */
		FC3EAA451DC3204600AC5AFC /* Main.storyboard */ = {
			isa = PBXVariantGroup;
			children = (
				FC3EAA461DC3204600AC5AFC /* Base */,
			);
			name = Main.storyboard;
			sourceTree = "<group>";
		};
		FC3EAA4A1DC3204700AC5AFC /* LaunchScreen.storyboard */ = {
			isa = PBXVariantGroup;
			children = (
				FC3EAA4B1DC3204700AC5AFC /* Base */,
			);
			name = LaunchScreen.storyboard;
			sourceTree = "<group>";
		};
/* End PBXVariantGroup section */

/* Begin XCBuildConfiguration section */
		FC3EAA4E1DC3204700AC5AFC /* Debug */ = {
			isa = XCBuildConfiguration;
			buildSettings = {
				ALWAYS_SEARCH_USER_PATHS = NO;
				CLANG_ANALYZER_NONNULL = YES;
				CLANG_CXX_LANGUAGE_STANDARD = "gnu++0x";
				CLANG_CXX_LIBRARY = "libc++";
				CLANG_ENABLE_MODULES = YES;
				CLANG_ENABLE_OBJC_ARC = YES;
				CLANG_WARN_BOOL_CONVERSION = YES;
				CLANG_WARN_CONSTANT_CONVERSION = YES;
				CLANG_WARN_DIRECT_OBJC_ISA_USAGE = YES_ERROR;
				CLANG_WARN_DOCUMENTATION_COMMENTS = YES;
				CLANG_WARN_EMPTY_BODY = YES;
				CLANG_WARN_ENUM_CONVERSION = YES;
				CLANG_WARN_INFINITE_RECURSION = YES;
				CLANG_WARN_INT_CONVERSION = YES;
				CLANG_WARN_OBJC_ROOT_CLASS = YES_ERROR;
				CLANG_WARN_SUSPICIOUS_MOVES = YES;
				CLANG_WARN_UNREACHABLE_CODE = YES;
				CLANG_WARN__DUPLICATE_METHOD_MATCH = YES;
				"CODE_SIGN_IDENTITY[sdk=iphoneos*]" = "iPhone Developer";
				COPY_PHASE_STRIP = NO;
				DEBUG_INFORMATION_FORMAT = dwarf;
				ENABLE_STRICT_OBJC_MSGSEND = YES;
				ENABLE_TESTABILITY = YES;
				GCC_C_LANGUAGE_STANDARD = gnu99;
				GCC_DYNAMIC_NO_PIC = NO;
				GCC_NO_COMMON_BLOCKS = YES;
				GCC_OPTIMIZATION_LEVEL = 0;
				GCC_PREPROCESSOR_DEFINITIONS = (
					"DEBUG=1",
					"$(inherited)",
				);
				GCC_WARN_64_TO_32_BIT_CONVERSION = YES;
				GCC_WARN_ABOUT_RETURN_TYPE = YES_ERROR;
				GCC_WARN_UNDECLARED_SELECTOR = YES;
				GCC_WARN_UNINITIALIZED_AUTOS = YES_AGGRESSIVE;
				GCC_WARN_UNUSED_FUNCTION = YES;
				GCC_WARN_UNUSED_VARIABLE = YES;
				IPHONEOS_DEPLOYMENT_TARGET = 10.0;
				MTL_ENABLE_DEBUG_INFO = YES;
				ONLY_ACTIVE_ARCH = YES;
				SDKROOT = iphoneos;
				SWIFT_ACTIVE_COMPILATION_CONDITIONS = DEBUG;
				SWIFT_OPTIMIZATION_LEVEL = "-Onone";
				TARGETED_DEVICE_FAMILY = "1,2";
			};
			name = Debug;
		};
		FC3EAA4F1DC3204700AC5AFC /* Release */ = {
			isa = XCBuildConfiguration;
			buildSettings = {
				ALWAYS_SEARCH_USER_PATHS = NO;
				CLANG_ANALYZER_NONNULL = YES;
				CLANG_CXX_LANGUAGE_STANDARD = "gnu++0x";
				CLANG_CXX_LIBRARY = "libc++";
				CLANG_ENABLE_MODULES = YES;
				CLANG_ENABLE_OBJC_ARC = YES;
				CLANG_WARN_BOOL_CONVERSION = YES;
				CLANG_WARN_CONSTANT_CONVERSION = YES;
				CLANG_WARN_DIRECT_OBJC_ISA_USAGE = YES_ERROR;
				CLANG_WARN_DOCUMENTATION_COMMENTS = YES;
				CLANG_WARN_EMPTY_BODY = YES;
				CLANG_WARN_ENUM_CONVERSION = YES;
				CLANG_WARN_INFINITE_RECURSION = YES;
				CLANG_WARN_INT_CONVERSION = YES;
				CLANG_WARN_OBJC_ROOT_CLASS = YES_ERROR;
				CLANG_WARN_SUSPICIOUS_MOVES = YES;
				CLANG_WARN_UNREACHABLE_CODE = YES;
				CLANG_WARN__DUPLICATE_METHOD_MATCH = YES;
				"CODE_SIGN_IDENTITY[sdk=iphoneos*]" = "iPhone Developer";
				COPY_PHASE_STRIP = NO;
				DEBUG_INFORMATION_FORMAT = "dwarf-with-dsym";
				ENABLE_NS_ASSERTIONS = NO;
				ENABLE_STRICT_OBJC_MSGSEND = YES;
				GCC_C_LANGUAGE_STANDARD = gnu99;
				GCC_NO_COMMON_BLOCKS = YES;
				GCC_WARN_64_TO_32_BIT_CONVERSION = YES;
				GCC_WARN_ABOUT_RETURN_TYPE = YES_ERROR;
				GCC_WARN_UNDECLARED_SELECTOR = YES;
				GCC_WARN_UNINITIALIZED_AUTOS = YES_AGGRESSIVE;
				GCC_WARN_UNUSED_FUNCTION = YES;
				GCC_WARN_UNUSED_VARIABLE = YES;
				IPHONEOS_DEPLOYMENT_TARGET = 10.0;
				MTL_ENABLE_DEBUG_INFO = NO;
				SDKROOT = iphoneos;
				SWIFT_OPTIMIZATION_LEVEL = "-Owholemodule";
				TARGETED_DEVICE_FAMILY = "1,2";
				VALIDATE_PRODUCT = YES;
			};
			name = Release;
		};
		FC3EAA511DC3204700AC5AFC /* Debug */ = {
			isa = XCBuildConfiguration;
			buildSettings = {
				ASSETCATALOG_COMPILER_APPICON_NAME = AppIcon;
				DEVELOPMENT_TEAM = SCUP57ZH8V;
				INFOPLIST_FILE = Tweeter/Info.plist;
				LD_RUNPATH_SEARCH_PATHS = "$(inherited) @executable_path/Frameworks";
				PRODUCT_BUNDLE_IDENTIFIER = com.dylanmiller.Tweeter;
				PRODUCT_NAME = "$(TARGET_NAME)";
				SWIFT_VERSION = 3.0;
			};
			name = Debug;
		};
		FC3EAA521DC3204700AC5AFC /* Release */ = {
			isa = XCBuildConfiguration;
			buildSettings = {
				ASSETCATALOG_COMPILER_APPICON_NAME = AppIcon;
				DEVELOPMENT_TEAM = SCUP57ZH8V;
				INFOPLIST_FILE = Tweeter/Info.plist;
				LD_RUNPATH_SEARCH_PATHS = "$(inherited) @executable_path/Frameworks";
				PRODUCT_BUNDLE_IDENTIFIER = com.dylanmiller.Tweeter;
				PRODUCT_NAME = "$(TARGET_NAME)";
				SWIFT_VERSION = 3.0;
			};
			name = Release;
		};
/* End XCBuildConfiguration section */

/* Begin XCConfigurationList section */
		FC3EAA391DC3204600AC5AFC /* Build configuration list for PBXProject "Tweeter" */ = {
			isa = XCConfigurationList;
			buildConfigurations = (
				FC3EAA4E1DC3204700AC5AFC /* Debug */,
				FC3EAA4F1DC3204700AC5AFC /* Release */,
			);
			defaultConfigurationIsVisible = 0;
			defaultConfigurationName = Release;
		};
		FC3EAA501DC3204700AC5AFC /* Build configuration list for PBXNativeTarget "Tweeter" */ = {
			isa = XCConfigurationList;
			buildConfigurations = (
				FC3EAA511DC3204700AC5AFC /* Debug */,
				FC3EAA521DC3204700AC5AFC /* Release */,
			);
			defaultConfigurationIsVisible = 0;
		};
/* End XCConfigurationList section */
	};
	rootObject = FC3EAA361DC3204600AC5AFC /* Project object */;
}
